<?xml version="1.0" encoding="utf-8"?>
<Project ToolsVersion="4.0" xmlns="http://schemas.microsoft.com/developer/msbuild/2003">
  <ItemGroup>
    <Filter Include="Source Files">
      <UniqueIdentifier>{d13e2fbe-2cdf-44f5-9e01-e71370e6d3fe}</UniqueIdentifier>
      <Extensions>cpp;c;cxx;rc;def;r;odl;idl;hpj;bat</Extensions>
    </Filter>
    <Filter Include="Header Files">
      <UniqueIdentifier>{c1a79099-2894-40e3-befe-8ed417062c31}</UniqueIdentifier>
      <Extensions>h;hpp;hxx;hm;inl</Extensions>
    </Filter>
    <Filter Include="Resource Files">
      <UniqueIdentifier>{82eefe85-290a-423c-9cab-4d48244e4901}</UniqueIdentifier>
      <Extensions>ico;cur;bmp;dlg;rc2;rct;bin;rgs;gif;jpg;jpeg;jpe</Extensions>
    </Filter>
  </ItemGroup>
  <ItemGroup>
    <ClCompile Include="_MC.cpp">
      <Filter>Source Files</Filter>
    </ClCompile>
    <ClCompile Include="BandSelDlg.cpp">
      <Filter>Source Files</Filter>
    </ClCompile>
    <ClCompile Include="CannyPara.cpp">
      <Filter>Source Files</Filter>
    </ClCompile>
    <ClCompile Include="ChangeDetector.cpp">
      <Filter>Source Files</Filter>
    </ClCompile>
    <ClCompile Include="ChildFrm.cpp">
      <Filter>Source Files</Filter>
    </ClCompile>
    <ClCompile Include="CIE.cpp">
      <Filter>Source Files</Filter>
    </ClCompile>
    <ClCompile Include="CKProcessTimeCounter.cpp">
      <Filter>Source Files</Filter>
    </ClCompile>
    <ClCompile Include="colormrf.cpp">
      <Filter>Source Files</Filter>
    </ClCompile>
    <ClCompile Include="DIB.cpp">
      <Filter>Source Files</Filter>
    </ClCompile>
    <ClCompile Include="fuzzylogic.cpp">
      <Filter>Source Files</Filter>
    </ClCompile>
    <ClCompile Include="HC.cpp">
      <Filter>Source Files</Filter>
    </ClCompile>
    <ClCompile Include="image.cpp">
      <Filter>Source Files</Filter>
    </ClCompile>
    <ClCompile Include="imageDoc.cpp">
      <Filter>Source Files</Filter>
    </ClCompile>
    <ClCompile Include="imageView.cpp">
      <Filter>Source Files</Filter>
    </ClCompile>
    <ClCompile Include="InitiateDlg.cpp">
      <Filter>Source Files</Filter>
    </ClCompile>
    <ClCompile Include="MainFrm.cpp">
      <Filter>Source Files</Filter>
    </ClCompile>
    <ClCompile Include="mersenne.cpp">
      <Filter>Source Files</Filter>
    </ClCompile>
    <ClCompile Include="MFeatDlg.cpp">
      <Filter>Source Files</Filter>
    </ClCompile>
    <ClCompile Include="MMOFUNC.cpp">
      <Filter>Source Files</Filter>
    </ClCompile>
    <ClCompile Include="MorphDlg.cpp">
      <Filter>Source Files</Filter>
    </ClCompile>
    <ClCompile Include="mrf_1.cpp">
      <Filter>Source Files</Filter>
    </ClCompile>
    <ClCompile Include="MRFOptimDlg.cpp">
      <Filter>Source Files</Filter>
    </ClCompile>
    <ClCompile Include="MyColorSpace.cpp">
      <Filter>Source Files</Filter>
    </ClCompile>
    <ClCompile Include="MyGabor.cpp">
      <Filter>Source Files</Filter>
    </ClCompile>
    <ClCompile Include="MyMath.cpp">
      <Filter>Source Files</Filter>
    </ClCompile>
    <ClCompile Include="MyTexture.cpp">
      <Filter>Source Files</Filter>
    </ClCompile>
    <ClCompile Include="NP.cpp">
      <Filter>Source Files</Filter>
    </ClCompile>
    <ClCompile Include="PreviewDlg.cpp">
      <Filter>Source Files</Filter>
    </ClCompile>
    <ClCompile Include="QT.cpp">
      <Filter>Source Files</Filter>
    </ClCompile>
    <ClCompile Include="Region.cpp">
      <Filter>Source Files</Filter>
    </ClCompile>
    <ClCompile Include="ResultDlg.cpp">
      <Filter>Source Files</Filter>
    </ClCompile>
    <ClCompile Include="ResultImageDlg.cpp">
      <Filter>Source Files</Filter>
    </ClCompile>
    <ClCompile Include="SegApi.cpp">
      <Filter>Source Files</Filter>
    </ClCompile>
    <ClCompile Include="SegmenterMS.cpp">
      <Filter>Source Files</Filter>
    </ClCompile>
    <ClCompile Include="SelPropDlg.cpp">
      <Filter>Source Files</Filter>
    </ClCompile>
    <ClCompile Include="SetPropDlg.cpp">
      <Filter>Source Files</Filter>
    </ClCompile>
    <ClCompile Include="StdAfx.cpp">
      <Filter>Source Files</Filter>
    </ClCompile>
    <ClCompile Include="SUSANDlg.cpp">
      <Filter>Source Files</Filter>
    </ClCompile>
    <ClCompile Include="Thinner.cpp">
      <Filter>Source Files</Filter>
    </ClCompile>
    <ClCompile Include="THRESHDlg.cpp">
      <Filter>Source Files</Filter>
    </ClCompile>
  </ItemGroup>
  <ItemGroup>
    <ResourceCompile Include="image.rc">
      <Filter>Source Files</Filter>
    </ResourceCompile>
  </ItemGroup>
  <ItemGroup>
    <ClInclude Include="_MC.h">
      <Filter>Header Files</Filter>
    </ClInclude>
    <ClInclude Include="BandSelDlg.h">
      <Filter>Header Files</Filter>
    </ClInclude>
    <ClInclude Include="CannyPara.h">
      <Filter>Header Files</Filter>
    </ClInclude>
    <ClInclude Include="ChangeDetector.h">
      <Filter>Header Files</Filter>
    </ClInclude>
    <ClInclude Include="ChildFrm.h">
      <Filter>Header Files</Filter>
    </ClInclude>
    <ClInclude Include="CIE.h">
      <Filter>Header Files</Filter>
    </ClInclude>
    <ClInclude Include="CKProcessTimeCounter.h">
      <Filter>Header Files</Filter>
    </ClInclude>
    <ClInclude Include="colormrf.h">
      <Filter>Header Files</Filter>
    </ClInclude>
    <ClInclude Include="DIB.h">
      <Filter>Header Files</Filter>
    </ClInclude>
    <ClInclude Include="filter.h">
      <Filter>Header Files</Filter>
    </ClInclude>
    <ClInclude Include="fuzzylogic.h">
      <Filter>Header Files</Filter>
    </ClInclude>
    <ClInclude Include="GlobalApi.h">
      <Filter>Header Files</Filter>
    </ClInclude>
    <ClInclude Include="HC.h">
      <Filter>Header Files</Filter>
    </ClInclude>
    <ClInclude Include="image.h">
      <Filter>Header Files</Filter>
    </ClInclude>
    <ClInclude Include="imageDoc.h">
      <Filter>Header Files</Filter>
    </ClInclude>
    <ClInclude Include="imageinclude\ImageErrors.h">
      <Filter>Header Files</Filter>
    </ClInclude>
    <ClInclude Include="imageinclude\Imageload.h">
      <Filter>Header Files</Filter>
    </ClInclude>
    <ClInclude Include="imageView.h">
      <Filter>Header Files</Filter>
    </ClInclude>
    <ClInclude Include="InitiateDlg.h">
      <Filter>Header Files</Filter>
    </ClInclude>
    <ClInclude Include="MainFrm.h">
      <Filter>Header Files</Filter>
    </ClInclude>
    <ClInclude Include="MFeatDlg.h">
      <Filter>Header Files</Filter>
    </ClInclude>
    <ClInclude Include="misc.h">
      <Filter>Header Files</Filter>
    </ClInclude>
    <ClInclude Include="MMOFUNC.h">
      <Filter>Header Files</Filter>
    </ClInclude>
    <ClInclude Include="MorphDlg.h">
      <Filter>Header Files</Filter>
    </ClInclude>
    <ClInclude Include="mrf_1.h">
      <Filter>Header Files</Filter>
    </ClInclude>
    <ClInclude Include="MRFOptimDlg.h">
      <Filter>Header Files</Filter>
    </ClInclude>
    <ClInclude Include="MyColorSpace.h">
      <Filter>Header Files</Filter>
    </ClInclude>
    <ClInclude Include="MyGabor.h">
      <Filter>Header Files</Filter>
    </ClInclude>
    <ClInclude Include="MyMath.h">
      <Filter>Header Files</Filter>
    </ClInclude>
    <ClInclude Include="MyTexture.h">
      <Filter>Header Files</Filter>
    </ClInclude>
    <ClInclude Include="NP.h">
      <Filter>Header Files</Filter>
    </ClInclude>
    <ClInclude Include="PreviewDlg.h">
      <Filter>Header Files</Filter>
    </ClInclude>
    <ClInclude Include="QT.h">
      <Filter>Header Files</Filter>
    </ClInclude>
    <ClInclude Include="randomc.h">
      <Filter>Header Files</Filter>
    </ClInclude>
    <ClInclude Include="Region.h">
      <Filter>Header Files</Filter>
    </ClInclude>
    <ClInclude Include="Resource.h">
      <Filter>Header Files</Filter>
    </ClInclude>
    <ClInclude Include="ResultDlg.h">
      <Filter>Header Files</Filter>
    </ClInclude>
    <ClInclude Include="ResultImageDlg.h">
      <Filter>Header Files</Filter>
    </ClInclude>
    <ClInclude Include="segment-graph.h">
      <Filter>Header Files</Filter>
    </ClInclude>
    <ClInclude Include="segment-image.h">
      <Filter>Header Files</Filter>
    </ClInclude>
    <ClInclude Include="SegmenterMS.h">
      <Filter>Header Files</Filter>
    </ClInclude>
    <ClInclude Include="SelPropDlg.h">
      <Filter>Header Files</Filter>
    </ClInclude>
    <ClInclude Include="SetPropDlg.h">
      <Filter>Header Files</Filter>
    </ClInclude>
    <ClInclude Include="StdAfx.h">
      <Filter>Header Files</Filter>
    </ClInclude>
    <ClInclude Include="SUSANDlg.h">
      <Filter>Header Files</Filter>
    </ClInclude>
    <ClInclude Include="Thinner.h">
      <Filter>Header Files</Filter>
    </ClInclude>
    <ClInclude Include="ThreshDlg.h">
      <Filter>Header Files</Filter>
    </ClInclude>
    <ClInclude Include="timeshow.h">
      <Filter>Header Files</Filter>
    </ClInclude>
  </ItemGroup>
  <ItemGroup>
    <CustomBuild Include="res\image.ico">
      <Filter>Resource Files</Filter>
    </CustomBuild>
    <CustomBuild Include="res\image.rc2">
      <Filter>Resource Files</Filter>
    </CustomBuild>
    <CustomBuild Include="res\imageDoc.ico">
      <Filter>Resource Files</Filter>
    </CustomBuild>
    <CustomBuild Include="res\LENA.BMP">
      <Filter>Resource Files</Filter>
    </CustomBuild>
    <CustomBuild Include="res\OriginIcon.ico">
      <Filter>Resource Files</Filter>
    </CustomBuild>
    <CustomBuild Include="res\Toolbar.bmp">
      <Filter>Resource Files</Filter>
    </CustomBuild>
    <CustomBuild Include="ReadMe.txt" />
  </ItemGroup>
</Project>